
Microsoft Visual Studio Solution File, Format Version 12.00
#
Project("{FAE04EC0-301F-11D3-BF4B-00C04F79EFBC}") = "Ws", "src\Ws\Ws.csproj", "{55C21F5C-EF1D-49F8-A615-3BF2DF94C430}"
EndProject
Project("{FAE04EC0-301F-11D3-BF4B-00C04F79EFBC}") = "WsServer", "test\WsServer\WsServer.csproj", "{B95D44F4-E1E9-4713-A1B1-B8F23A988D5E}"
EndProject
Project("{2150E333-8FDC-42A3-9474-1A3956D46DE8}") = "src", "src", "{C6572F0A-AAA9-453C-AE3F-D832EC519CD6}"
EndProject
Project("{2150E333-8FDC-42A3-9474-1A3956D46DE8}") = "test", "test", "{47A8E949-499D-4A75-84D2-8C21C2206548}"
EndProject
Project("{FAE04EC0-301F-11D3-BF4B-00C04F79EFBC}") = "Tmi", "src\Tmi\Tmi.csproj", "{30765FB0-60BA-4459-88C7-F608FFA6E18D}"
EndProject
Project("{FAE04EC0-301F-11D3-BF4B-00C04F79EFBC}") = "Helix", "src\Helix\Helix.csproj", "{B9938E9B-C67B-4D02-A0B3-D98949FFC9F3}"
EndProject
Project("{FAE04EC0-301F-11D3-BF4B-00C04F79EFBC}") = "ConsoleApp4", "test\ConsoleApp4\ConsoleApp4.csproj", "{50BCF007-0B7D-4D09-87B2-BA8CABA10CBF}"
EndProject
Project("{FAE04EC0-301F-11D3-BF4B-00C04F79EFBC}") = "EventSub", "src\EventSub\EventSub.csproj", "{4B800134-DD6F-4F49-AC1E-DEA578401BF1}"
EndProject
Project("{FAE04EC0-301F-11D3-BF4B-00C04F79EFBC}") = "ConsoleApp5", "test\ConsoleApp5\ConsoleApp5.csproj", "{61E7FF9F-1B7E-449D-AA4C-551A9BFCD69B}"
EndProject
Project("{FAE04EC0-301F-11D3-BF4B-00C04F79EFBC}") = "ConsoleApp7", "test\ConsoleApp7\ConsoleApp7.csproj", "{A72C4465-866A-4A6B-9A0D-B82901CFE7D3}"
EndProject
Global
	GlobalSection(SolutionConfigurationPlatforms) = preSolution
		Debug|Any CPU = Debug|Any CPU
		Release|Any CPU = Release|Any CPU
	EndGlobalSection
	GlobalSection(ProjectConfigurationPlatforms) = postSolution
		{55C21F5C-EF1D-49F8-A615-3BF2DF94C430}.Debug|Any CPU.ActiveCfg = Debug|Any CPU
		{55C21F5C-EF1D-49F8-A615-3BF2DF94C430}.Debug|Any CPU.Build.0 = Debug|Any CPU
		{55C21F5C-EF1D-49F8-A615-3BF2DF94C430}.Release|Any CPU.ActiveCfg = Release|Any CPU
		{55C21F5C-EF1D-49F8-A615-3BF2DF94C430}.Release|Any CPU.Build.0 = Release|Any CPU
		{B95D44F4-E1E9-4713-A1B1-B8F23A988D5E}.Debug|Any CPU.ActiveCfg = Debug|Any CPU
		{B95D44F4-E1E9-4713-A1B1-B8F23A988D5E}.Debug|Any CPU.Build.0 = Debug|Any CPU
		{B95D44F4-E1E9-4713-A1B1-B8F23A988D5E}.Release|Any CPU.ActiveCfg = Release|Any CPU
		{B95D44F4-E1E9-4713-A1B1-B8F23A988D5E}.Release|Any CPU.Build.0 = Release|Any CPU
		{30765FB0-60BA-4459-88C7-F608FFA6E18D}.Debug|Any CPU.ActiveCfg = Debug|Any CPU
		{30765FB0-60BA-4459-88C7-F608FFA6E18D}.Debug|Any CPU.Build.0 = Debug|Any CPU
		{30765FB0-60BA-4459-88C7-F608FFA6E18D}.Release|Any CPU.ActiveCfg = Release|Any CPU
		{30765FB0-60BA-4459-88C7-F608FFA6E18D}.Release|Any CPU.Build.0 = Release|Any CPU
		{B9938E9B-C67B-4D02-A0B3-D98949FFC9F3}.Debug|Any CPU.ActiveCfg = Debug|Any CPU
		{B9938E9B-C67B-4D02-A0B3-D98949FFC9F3}.Debug|Any CPU.Build.0 = Debug|Any CPU
		{B9938E9B-C67B-4D02-A0B3-D98949FFC9F3}.Release|Any CPU.ActiveCfg = Release|Any CPU
		{B9938E9B-C67B-4D02-A0B3-D98949FFC9F3}.Release|Any CPU.Build.0 = Release|Any CPU
		{50BCF007-0B7D-4D09-87B2-BA8CABA10CBF}.Debug|Any CPU.ActiveCfg = Debug|Any CPU
		{50BCF007-0B7D-4D09-87B2-BA8CABA10CBF}.Debug|Any CPU.Build.0 = Debug|Any CPU
		{50BCF007-0B7D-4D09-87B2-BA8CABA10CBF}.Release|Any CPU.ActiveCfg = Release|Any CPU
		{50BCF007-0B7D-4D09-87B2-BA8CABA10CBF}.Release|Any CPU.Build.0 = Release|Any CPU
		{4B800134-DD6F-4F49-AC1E-DEA578401BF1}.Debug|Any CPU.ActiveCfg = Debug|Any CPU
		{4B800134-DD6F-4F49-AC1E-DEA578401BF1}.Debug|Any CPU.Build.0 = Debug|Any CPU
		{4B800134-DD6F-4F49-AC1E-DEA578401BF1}.Release|Any CPU.ActiveCfg = Release|Any CPU
		{4B800134-DD6F-4F49-AC1E-DEA578401BF1}.Release|Any CPU.Build.0 = Release|Any CPU
		{61E7FF9F-1B7E-449D-AA4C-551A9BFCD69B}.Debug|Any CPU.ActiveCfg = Debug|Any CPU
		{61E7FF9F-1B7E-449D-AA4C-551A9BFCD69B}.Debug|Any CPU.Build.0 = Debug|Any CPU
		{61E7FF9F-1B7E-449D-AA4C-551A9BFCD69B}.Release|Any CPU.ActiveCfg = Release|Any CPU
		{61E7FF9F-1B7E-449D-AA4C-551A9BFCD69B}.Release|Any CPU.Build.0 = Release|Any CPU
		{A72C4465-866A-4A6B-9A0D-B82901CFE7D3}.Debug|Any CPU.ActiveCfg = Debug|Any CPU
		{A72C4465-866A-4A6B-9A0D-B82901CFE7D3}.Debug|Any CPU.Build.0 = Debug|Any CPU
		{A72C4465-866A-4A6B-9A0D-B82901CFE7D3}.Release|Any CPU.ActiveCfg = Release|Any CPU
		{A72C4465-866A-4A6B-9A0D-B82901CFE7D3}.Release|Any CPU.Build.0 = Release|Any CPU
	EndGlobalSection
	GlobalSection(NestedProjects) = preSolution
		{55C21F5C-EF1D-49F8-A615-3BF2DF94C430} = {C6572F0A-AAA9-453C-AE3F-D832EC519CD6}
		{B95D44F4-E1E9-4713-A1B1-B8F23A988D5E} = {47A8E949-499D-4A75-84D2-8C21C2206548}
		{30765FB0-60BA-4459-88C7-F608FFA6E18D} = {C6572F0A-AAA9-453C-AE3F-D832EC519CD6}
		{B9938E9B-C67B-4D02-A0B3-D98949FFC9F3} = {C6572F0A-AAA9-453C-AE3F-D832EC519CD6}
		{50BCF007-0B7D-4D09-87B2-BA8CABA10CBF} = {47A8E949-499D-4A75-84D2-8C21C2206548}
		{4B800134-DD6F-4F49-AC1E-DEA578401BF1} = {C6572F0A-AAA9-453C-AE3F-D832EC519CD6}
		{61E7FF9F-1B7E-449D-AA4C-551A9BFCD69B} = {47A8E949-499D-4A75-84D2-8C21C2206548}
		{A72C4465-866A-4A6B-9A0D-B82901CFE7D3} = {47A8E949-499D-4A75-84D2-8C21C2206548}
	EndGlobalSection
EndGlobal
