
Microsoft Visual Studio Solution File, Format Version 12.00
Project("{FAE04EC0-301F-11D3-BF4B-00C04F79EFBC}") = "Ws", "src\Ws\Ws.csproj", "{55C21F5C-EF1D-49F8-A615-3BF2DF94C430}"
EndProject
Project("{FAE04EC0-301F-11D3-BF4B-00C04F79EFBC}") = "WsServer", "test\WsServer\WsServer.csproj", "{B95D44F4-E1E9-4713-A1B1-B8F23A988D5E}"
EndProject
Project("{FAE04EC0-301F-11D3-BF4B-00C04F79EFBC}") = "ConsoleApp1", "test\ConsoleApp1\ConsoleApp1.csproj", "{86C84040-A720-484C-A12B-69FE7695CE8E}"
EndProject
Project("{FAE04EC0-301F-11D3-BF4B-00C04F79EFBC}") = "ConsoleApp2", "test\ConsoleApp2\ConsoleApp2.csproj", "{46763971-F470-4FE0-8DB9-8B8AEEE90412}"
EndProject
Project("{2150E333-8FDC-42A3-9474-1A3956D46DE8}") = "src", "src", "{C6572F0A-AAA9-453C-AE3F-D832EC519CD6}"
EndProject
Project("{2150E333-8FDC-42A3-9474-1A3956D46DE8}") = "test", "test", "{47A8E949-499D-4A75-84D2-8C21C2206548}"
EndProject
Project("{FAE04EC0-301F-11D3-BF4B-00C04F79EFBC}") = "ConsoleApp3", "test\ConsoleApp3\ConsoleApp3.csproj", "{26C2B83A-2DAD-4919-A18C-3A8627186B78}"
EndProject
Project("{FAE04EC0-301F-11D3-BF4B-00C04F79EFBC}") = "PubSub", "src\PubSub\PubSub.csproj", "{43532C59-753D-4D27-A8BC-A48BD4F98CC9}"
EndProject
Project("{FAE04EC0-301F-11D3-BF4B-00C04F79EFBC}") = "Tmi", "src\Tmi\Tmi.csproj", "{30765FB0-60BA-4459-88C7-F608FFA6E18D}"
EndProject
Project("{FAE04EC0-301F-11D3-BF4B-00C04F79EFBC}") = "Helix", "src\Helix\Helix.csproj", "{B9938E9B-C67B-4D02-A0B3-D98949FFC9F3}"
EndProject
Global
	GlobalSection(SolutionConfigurationPlatforms) = preSolution
		Debug|Any CPU = Debug|Any CPU
		Release|Any CPU = Release|Any CPU
	EndGlobalSection
	GlobalSection(ProjectConfigurationPlatforms) = postSolution
		{55C21F5C-EF1D-49F8-A615-3BF2DF94C430}.Debug|Any CPU.ActiveCfg = Debug|Any CPU
		{55C21F5C-EF1D-49F8-A615-3BF2DF94C430}.Debug|Any CPU.Build.0 = Debug|Any CPU
		{55C21F5C-EF1D-49F8-A615-3BF2DF94C430}.Release|Any CPU.ActiveCfg = Release|Any CPU
		{55C21F5C-EF1D-49F8-A615-3BF2DF94C430}.Release|Any CPU.Build.0 = Release|Any CPU
		{B95D44F4-E1E9-4713-A1B1-B8F23A988D5E}.Debug|Any CPU.ActiveCfg = Debug|Any CPU
		{B95D44F4-E1E9-4713-A1B1-B8F23A988D5E}.Debug|Any CPU.Build.0 = Debug|Any CPU
		{B95D44F4-E1E9-4713-A1B1-B8F23A988D5E}.Release|Any CPU.ActiveCfg = Release|Any CPU
		{B95D44F4-E1E9-4713-A1B1-B8F23A988D5E}.Release|Any CPU.Build.0 = Release|Any CPU
		{86C84040-A720-484C-A12B-69FE7695CE8E}.Debug|Any CPU.ActiveCfg = Debug|Any CPU
		{86C84040-A720-484C-A12B-69FE7695CE8E}.Debug|Any CPU.Build.0 = Debug|Any CPU
		{86C84040-A720-484C-A12B-69FE7695CE8E}.Release|Any CPU.ActiveCfg = Release|Any CPU
		{86C84040-A720-484C-A12B-69FE7695CE8E}.Release|Any CPU.Build.0 = Release|Any CPU
		{46763971-F470-4FE0-8DB9-8B8AEEE90412}.Debug|Any CPU.ActiveCfg = Debug|Any CPU
		{46763971-F470-4FE0-8DB9-8B8AEEE90412}.Debug|Any CPU.Build.0 = Debug|Any CPU
		{46763971-F470-4FE0-8DB9-8B8AEEE90412}.Release|Any CPU.ActiveCfg = Release|Any CPU
		{46763971-F470-4FE0-8DB9-8B8AEEE90412}.Release|Any CPU.Build.0 = Release|Any CPU
		{26C2B83A-2DAD-4919-A18C-3A8627186B78}.Debug|Any CPU.ActiveCfg = Debug|Any CPU
		{26C2B83A-2DAD-4919-A18C-3A8627186B78}.Debug|Any CPU.Build.0 = Debug|Any CPU
		{26C2B83A-2DAD-4919-A18C-3A8627186B78}.Release|Any CPU.ActiveCfg = Release|Any CPU
		{26C2B83A-2DAD-4919-A18C-3A8627186B78}.Release|Any CPU.Build.0 = Release|Any CPU
		{43532C59-753D-4D27-A8BC-A48BD4F98CC9}.Debug|Any CPU.ActiveCfg = Debug|Any CPU
		{43532C59-753D-4D27-A8BC-A48BD4F98CC9}.Debug|Any CPU.Build.0 = Debug|Any CPU
		{43532C59-753D-4D27-A8BC-A48BD4F98CC9}.Release|Any CPU.ActiveCfg = Release|Any CPU
		{43532C59-753D-4D27-A8BC-A48BD4F98CC9}.Release|Any CPU.Build.0 = Release|Any CPU
		{30765FB0-60BA-4459-88C7-F608FFA6E18D}.Debug|Any CPU.ActiveCfg = Debug|Any CPU
		{30765FB0-60BA-4459-88C7-F608FFA6E18D}.Debug|Any CPU.Build.0 = Debug|Any CPU
		{30765FB0-60BA-4459-88C7-F608FFA6E18D}.Release|Any CPU.ActiveCfg = Release|Any CPU
		{30765FB0-60BA-4459-88C7-F608FFA6E18D}.Release|Any CPU.Build.0 = Release|Any CPU
		{B9938E9B-C67B-4D02-A0B3-D98949FFC9F3}.Debug|Any CPU.ActiveCfg = Debug|Any CPU
		{B9938E9B-C67B-4D02-A0B3-D98949FFC9F3}.Debug|Any CPU.Build.0 = Debug|Any CPU
		{B9938E9B-C67B-4D02-A0B3-D98949FFC9F3}.Release|Any CPU.ActiveCfg = Release|Any CPU
		{B9938E9B-C67B-4D02-A0B3-D98949FFC9F3}.Release|Any CPU.Build.0 = Release|Any CPU
	EndGlobalSection
	GlobalSection(NestedProjects) = preSolution
		{55C21F5C-EF1D-49F8-A615-3BF2DF94C430} = {C6572F0A-AAA9-453C-AE3F-D832EC519CD6}
		{86C84040-A720-484C-A12B-69FE7695CE8E} = {47A8E949-499D-4A75-84D2-8C21C2206548}
		{46763971-F470-4FE0-8DB9-8B8AEEE90412} = {47A8E949-499D-4A75-84D2-8C21C2206548}
		{B95D44F4-E1E9-4713-A1B1-B8F23A988D5E} = {47A8E949-499D-4A75-84D2-8C21C2206548}
		{26C2B83A-2DAD-4919-A18C-3A8627186B78} = {47A8E949-499D-4A75-84D2-8C21C2206548}
		{43532C59-753D-4D27-A8BC-A48BD4F98CC9} = {C6572F0A-AAA9-453C-AE3F-D832EC519CD6}
		{30765FB0-60BA-4459-88C7-F608FFA6E18D} = {C6572F0A-AAA9-453C-AE3F-D832EC519CD6}
		{B9938E9B-C67B-4D02-A0B3-D98949FFC9F3} = {C6572F0A-AAA9-453C-AE3F-D832EC519CD6}
	EndGlobalSection
EndGlobal
